
Microsoft Visual Studio Solution File, Format Version 12.00
# Visual Studio Version 17
VisualStudioVersion = 17.14.36401.2 d17.14
MinimumVisualStudioVersion = 10.0.40219.1
Project("{FAE04EC0-301F-11D3-BF4B-00C04F79EFBC}") = "Module_10_API", "Module_10_API.csproj", "{781E8640-60EA-42F4-9ECB-526EA31B4E73}"
EndProject
Global
	GlobalSection(SolutionConfigurationPlatforms) = preSolution
		Debug|Any CPU = Debug|Any CPU
		Release|Any CPU = Release|Any CPU
	EndGlobalSection
	GlobalSection(ProjectConfigurationPlatforms) = postSolution
		{781E8640-60EA-42F4-9ECB-526EA31B4E73}.Debug|Any CPU.ActiveCfg = Debug|Any CPU
		{781E8640-60EA-42F4-9ECB-526EA31B4E73}.Debug|Any CPU.Build.0 = Debug|Any CPU
		{781E8640-60EA-42F4-9ECB-526EA31B4E73}.Release|Any CPU.ActiveCfg = Release|Any CPU
		{781E8640-60EA-42F4-9ECB-526EA31B4E73}.Release|Any CPU.Build.0 = Release|Any CPU
	EndGlobalSection
	GlobalSection(SolutionProperties) = preSolution
		HideSolutionNode = FALSE
	EndGlobalSection
	GlobalSection(ExtensibilityGlobals) = postSolution
		SolutionGuid = {05C15EE2-583B-444C-9E16-F52D941DED64}
	EndGlobalSection
EndGlobal
