
Microsoft Visual Studio Solution File, Format Version 12.00
# Visual Studio Version 17
VisualStudioVersion = 17.14.36401.2 d17.14
MinimumVisualStudioVersion = 10.0.40219.1
Project("{FAE04EC0-301F-11D3-BF4B-00C04F79EFBC}") = "Module_03", "Module_03.csproj", "{D0912EE8-7B8D-4588-A53E-19270C849162}"
EndProject
Global
	GlobalSection(SolutionConfigurationPlatforms) = preSolution
		Debug|Any CPU = Debug|Any CPU
		Release|Any CPU = Release|Any CPU
	EndGlobalSection
	GlobalSection(ProjectConfigurationPlatforms) = postSolution
		{D0912EE8-7B8D-4588-A53E-19270C849162}.Debug|Any CPU.ActiveCfg = Debug|Any CPU
		{D0912EE8-7B8D-4588-A53E-19270C849162}.Debug|Any CPU.Build.0 = Debug|Any CPU
		{D0912EE8-7B8D-4588-A53E-19270C849162}.Release|Any CPU.ActiveCfg = Release|Any CPU
		{D0912EE8-7B8D-4588-A53E-19270C849162}.Release|Any CPU.Build.0 = Release|Any CPU
	EndGlobalSection
	GlobalSection(SolutionProperties) = preSolution
		HideSolutionNode = FALSE
	EndGlobalSection
	GlobalSection(ExtensibilityGlobals) = postSolution
		SolutionGuid = {542E9B21-069F-49B1-A216-5FC94CAFDCEB}
	EndGlobalSection
EndGlobal
