
Microsoft Visual Studio Solution File, Format Version 12.00
# Visual Studio Version 17
VisualStudioVersion = 17.14.36401.2 d17.14
MinimumVisualStudioVersion = 10.0.40219.1
Project("{FAE04EC0-301F-11D3-BF4B-00C04F79EFBC}") = "Module_09", "Module_09.csproj", "{D15A7E4F-1AB1-4BD0-99DF-8CC2A0341BE9}"
EndProject
Global
	GlobalSection(SolutionConfigurationPlatforms) = preSolution
		Debug|Any CPU = Debug|Any CPU
		Release|Any CPU = Release|Any CPU
	EndGlobalSection
	GlobalSection(ProjectConfigurationPlatforms) = postSolution
		{D15A7E4F-1AB1-4BD0-99DF-8CC2A0341BE9}.Debug|Any CPU.ActiveCfg = Debug|Any CPU
		{D15A7E4F-1AB1-4BD0-99DF-8CC2A0341BE9}.Debug|Any CPU.Build.0 = Debug|Any CPU
		{D15A7E4F-1AB1-4BD0-99DF-8CC2A0341BE9}.Release|Any CPU.ActiveCfg = Release|Any CPU
		{D15A7E4F-1AB1-4BD0-99DF-8CC2A0341BE9}.Release|Any CPU.Build.0 = Release|Any CPU
	EndGlobalSection
	GlobalSection(SolutionProperties) = preSolution
		HideSolutionNode = FALSE
	EndGlobalSection
	GlobalSection(ExtensibilityGlobals) = postSolution
		SolutionGuid = {7005E304-5B5D-43A1-9ADF-92655223EE75}
	EndGlobalSection
EndGlobal
