
Microsoft Visual Studio Solution File, Format Version 12.00
# Visual Studio Version 17
VisualStudioVersion = 17.14.36401.2 d17.14
MinimumVisualStudioVersion = 10.0.40219.1
Project("{FAE04EC0-301F-11D3-BF4B-00C04F79EFBC}") = "Module_07_02", "Module_07_02.csproj", "{B719EA19-2FC3-4E6E-A0CA-40A9AE21EB51}"
EndProject
Global
	GlobalSection(SolutionConfigurationPlatforms) = preSolution
		Debug|Any CPU = Debug|Any CPU
		Release|Any CPU = Release|Any CPU
	EndGlobalSection
	GlobalSection(ProjectConfigurationPlatforms) = postSolution
		{B719EA19-2FC3-4E6E-A0CA-40A9AE21EB51}.Debug|Any CPU.ActiveCfg = Debug|Any CPU
		{B719EA19-2FC3-4E6E-A0CA-40A9AE21EB51}.Debug|Any CPU.Build.0 = Debug|Any CPU
		{B719EA19-2FC3-4E6E-A0CA-40A9AE21EB51}.Release|Any CPU.ActiveCfg = Release|Any CPU
		{B719EA19-2FC3-4E6E-A0CA-40A9AE21EB51}.Release|Any CPU.Build.0 = Release|Any CPU
	EndGlobalSection
	GlobalSection(SolutionProperties) = preSolution
		HideSolutionNode = FALSE
	EndGlobalSection
	GlobalSection(ExtensibilityGlobals) = postSolution
		SolutionGuid = {5CE8D8E4-6A84-4CD1-9944-7ECB2C59446E}
	EndGlobalSection
EndGlobal
